
Microsoft Visual Studio Solution File, Format Version 12.00
# Visual Studio Version 17
VisualStudioVersion = 17.7.34031.279
MinimumVisualStudioVersion = 10.0.40219.1
Project("{FAE04EC0-301F-11D3-BF4B-00C04F79EFBC}") = "Server_Application", "Server_Application\Server_Application.csproj", "{C4ED778B-6F2D-40B9-9CB2-3B29EB534C34}"
EndProject
Global
	GlobalSection(SolutionConfigurationPlatforms) = preSolution
		Debug|Any CPU = Debug|Any CPU
		Release|Any CPU = Release|Any CPU
	EndGlobalSection
	GlobalSection(ProjectConfigurationPlatforms) = postSolution
		{C4ED778B-6F2D-40B9-9CB2-3B29EB534C34}.Debug|Any CPU.ActiveCfg = Debug|Any CPU
		{C4ED778B-6F2D-40B9-9CB2-3B29EB534C34}.Debug|Any CPU.Build.0 = Debug|Any CPU
		{C4ED778B-6F2D-40B9-9CB2-3B29EB534C34}.Release|Any CPU.ActiveCfg = Release|Any CPU
		{C4ED778B-6F2D-40B9-9CB2-3B29EB534C34}.Release|Any CPU.Build.0 = Release|Any CPU
	EndGlobalSection
	GlobalSection(SolutionProperties) = preSolution
		HideSolutionNode = FALSE
	EndGlobalSection
	GlobalSection(ExtensibilityGlobals) = postSolution
		SolutionGuid = {80260D32-220C-40A1-8487-69DF4F6B7950}
	EndGlobalSection
EndGlobal
